
Microsoft Visual Studio Solution File, Format Version 12.00
# Visual Studio Version 17
VisualStudioVersion = 17.13.35507.96
MinimumVisualStudioVersion = 10.0.40219.1
Project("{2150E333-8FDC-42A3-9474-1A3956D46DE8}") = "src", "src", "{02EA681E-C7D8-13C7-8484-4AC65E1B71E8}"
EndProject
Project("{2150E333-8FDC-42A3-9474-1A3956D46DE8}") = "Building Blocks", "Building Blocks", "{4349A477-8752-4815-8787-F11FEC0DFB44}"
EndProject
Project("{2150E333-8FDC-42A3-9474-1A3956D46DE8}") = "Services", "Services", "{987C4295-3D1B-4DFC-934E-0C60F6ADC578}"
EndProject
Project("{2150E333-8FDC-42A3-9474-1A3956D46DE8}") = "Identity", "Identity", "{AD3DBD9E-1844-48DA-A6C9-761B9925B015}"
EndProject
Project("{FAE04EC0-301F-11D3-BF4B-00C04F79EFBC}") = "SiriusEcommerce.Identity.API", "src\services\SiriusEcommerce.Identity.API\SiriusEcommerce.Identity.API.csproj", "{C2EE9058-55FA-4102-AF98-907543EEB6FE}"
EndProject
Project("{2150E333-8FDC-42A3-9474-1A3956D46DE8}") = "Customer", "Customer", "{C7B6C775-CA70-4DD6-B5CC-1239C9ED0CC5}"
EndProject
Project("{FAE04EC0-301F-11D3-BF4B-00C04F79EFBC}") = "SiriusEcommerce.Customer.API", "src\services\SiriusEcommerce.Customer.API\SiriusEcommerce.Customer.API.csproj", "{048B0883-F3EE-4921-8760-39BA2910EC5E}"
EndProject
Project("{FAE04EC0-301F-11D3-BF4B-00C04F79EFBC}") = "SiriusEcommerce.Support.API", "src\services\SiriusEcommerce.Support.API\SiriusEcommerce.Support.API.csproj", "{C1F6905B-128E-48FE-AABD-7F396D70F82E}"
EndProject
Project("{2150E333-8FDC-42A3-9474-1A3956D46DE8}") = "Support", "Support", "{7818861C-C6A8-494B-A440-D82CA76AC826}"
EndProject
Project("{2150E333-8FDC-42A3-9474-1A3956D46DE8}") = "Cart", "Cart", "{4E569975-BB21-40EE-91F8-65A72D433864}"
EndProject
Project("{FAE04EC0-301F-11D3-BF4B-00C04F79EFBC}") = "SiriusEcommerce.Cart.API", "src\services\SiriusEcommerce.Cart.API\SiriusEcommerce.Cart.API.csproj", "{B5509E77-D86D-4823-BD20-74DFFBEF31B8}"
EndProject
Project("{FAE04EC0-301F-11D3-BF4B-00C04F79EFBC}") = "SiriusEcommerce.Catalog.API", "src\services\SiriusEcommerce.Catalog.API\SiriusEcommerce.Catalog.API.csproj", "{9BAE09ED-8554-42C8-BCD4-25995AA111CE}"
EndProject
Project("{2150E333-8FDC-42A3-9474-1A3956D46DE8}") = "Catalog", "Catalog", "{CC06FED8-9B6D-43E8-8AC8-247F426E4A72}"
EndProject
Project("{2150E333-8FDC-42A3-9474-1A3956D46DE8}") = "Notification", "Notification", "{40EA61CD-7A88-438A-B22C-C687AA828E93}"
EndProject
Project("{FAE04EC0-301F-11D3-BF4B-00C04F79EFBC}") = "SiriusEcommerce.Notification.API", "src\services\SiriusEcommerce.Notification.API\SiriusEcommerce.Notification.API.csproj", "{1F78BFED-5A37-47E8-87CA-7114C5217570}"
EndProject
Project("{2150E333-8FDC-42A3-9474-1A3956D46DE8}") = "Admin", "Admin", "{035634CC-D864-40B6-9BF8-C89284822CB7}"
EndProject
Project("{FAE04EC0-301F-11D3-BF4B-00C04F79EFBC}") = "SiriusEcommerce.Admin.API", "src\services\SiriusEcommerce.Admin.API\SiriusEcommerce.Admin.API.csproj", "{6FA08FDB-4485-4FA8-9E66-65D173976EF6}"
EndProject
Project("{2150E333-8FDC-42A3-9474-1A3956D46DE8}") = "Inventory", "Inventory", "{20571314-E6BD-4A8C-BB34-306CA2FB4B40}"
EndProject
Project("{2150E333-8FDC-42A3-9474-1A3956D46DE8}") = "Shipping", "Shipping", "{9313BBE4-7D56-47AD-8289-2FB01E602745}"
EndProject
Project("{FAE04EC0-301F-11D3-BF4B-00C04F79EFBC}") = "SiriusEcommerce.Shipping.API", "src\services\SiriusEcommerce.Shipping.API\SiriusEcommerce.Shipping.API.csproj", "{A1F7BA31-3FA1-47A3-B40D-23A0C5D8610A}"
EndProject
Project("{FAE04EC0-301F-11D3-BF4B-00C04F79EFBC}") = "SiriusEcommerce.Inventory.API", "src\services\SiriusEcommerce.Inventory.API\SiriusEcommerce.Inventory.API.csproj", "{24DE0D4B-5615-4FF6-84B8-4D4D5CE5D9EF}"
EndProject
Project("{FAE04EC0-301F-11D3-BF4B-00C04F79EFBC}") = "SiriusEcommerce.ApiGateway", "src\services\SiriusEcommerce.ApiGateway\SiriusEcommerce.ApiGateway.csproj", "{0EE5C361-C9CE-4270-B040-36E2FADB7453}"
EndProject
Project("{2150E333-8FDC-42A3-9474-1A3956D46DE8}") = "API Gateway", "API Gateway", "{DB0EB66A-BE10-4F48-A143-4DDFA17DE5F3}"
EndProject
Project("{2150E333-8FDC-42A3-9474-1A3956D46DE8}") = "Order", "Order", "{9517FF94-4B7C-4787-AFBB-501A6EDE4CC0}"
EndProject
Project("{FAE04EC0-301F-11D3-BF4B-00C04F79EFBC}") = "SiriusEcommerce.Order.API", "src\services\SiriusEcommerce.Order.API\SiriusEcommerce.Order.API.csproj", "{6C59F5C5-1547-4498-9094-1DD1F84E094E}"
EndProject
Project("{2150E333-8FDC-42A3-9474-1A3956D46DE8}") = "Invoice", "Invoice", "{E976646A-49E9-4B45-B8F7-CC66086D8B6D}"
EndProject
Project("{FAE04EC0-301F-11D3-BF4B-00C04F79EFBC}") = "SiriusEcommerce.Invoice.API", "src\services\SiriusEcommerce.Invoice.API\SiriusEcommerce.Invoice.API.csproj", "{CDA655A0-C0D8-44A6-B343-3E035CBCAEF8}"
EndProject
Project("{2150E333-8FDC-42A3-9474-1A3956D46DE8}") = "Payment", "Payment", "{0645DFC7-459A-4A5F-96BD-B8E92EA39FD5}"
EndProject
Project("{FAE04EC0-301F-11D3-BF4B-00C04F79EFBC}") = "SiriusEcommerce.Payment.API", "src\services\SiriusEcommerce.Payment.API\SiriusEcommerce.Payment.API.csproj", "{6772D469-3AA3-4CEB-ABD5-BEA3165B2E68}"
EndProject
Project("{FAE04EC0-301F-11D3-BF4B-00C04F79EFBC}") = "SiriusEcommerce.Identity.API.Tests", "src\tests\SiriusEcommerce.Identity.API.Tests\SiriusEcommerce.Identity.API.Tests\SiriusEcommerce.Identity.API.Tests.csproj", "{1C691863-4F15-4862-8E5C-4D87C13F4211}"
EndProject
Global
	GlobalSection(SolutionConfigurationPlatforms) = preSolution
		Debug|Any CPU = Debug|Any CPU
		Release|Any CPU = Release|Any CPU
	EndGlobalSection
	GlobalSection(ProjectConfigurationPlatforms) = postSolution
		{C2EE9058-55FA-4102-AF98-907543EEB6FE}.Debug|Any CPU.ActiveCfg = Debug|Any CPU
		{C2EE9058-55FA-4102-AF98-907543EEB6FE}.Debug|Any CPU.Build.0 = Debug|Any CPU
		{C2EE9058-55FA-4102-AF98-907543EEB6FE}.Release|Any CPU.ActiveCfg = Release|Any CPU
		{C2EE9058-55FA-4102-AF98-907543EEB6FE}.Release|Any CPU.Build.0 = Release|Any CPU
		{048B0883-F3EE-4921-8760-39BA2910EC5E}.Debug|Any CPU.ActiveCfg = Debug|Any CPU
		{048B0883-F3EE-4921-8760-39BA2910EC5E}.Debug|Any CPU.Build.0 = Debug|Any CPU
		{048B0883-F3EE-4921-8760-39BA2910EC5E}.Release|Any CPU.ActiveCfg = Release|Any CPU
		{048B0883-F3EE-4921-8760-39BA2910EC5E}.Release|Any CPU.Build.0 = Release|Any CPU
		{C1F6905B-128E-48FE-AABD-7F396D70F82E}.Debug|Any CPU.ActiveCfg = Debug|Any CPU
		{C1F6905B-128E-48FE-AABD-7F396D70F82E}.Debug|Any CPU.Build.0 = Debug|Any CPU
		{C1F6905B-128E-48FE-AABD-7F396D70F82E}.Release|Any CPU.ActiveCfg = Release|Any CPU
		{C1F6905B-128E-48FE-AABD-7F396D70F82E}.Release|Any CPU.Build.0 = Release|Any CPU
		{B5509E77-D86D-4823-BD20-74DFFBEF31B8}.Debug|Any CPU.ActiveCfg = Debug|Any CPU
		{B5509E77-D86D-4823-BD20-74DFFBEF31B8}.Debug|Any CPU.Build.0 = Debug|Any CPU
		{B5509E77-D86D-4823-BD20-74DFFBEF31B8}.Release|Any CPU.ActiveCfg = Release|Any CPU
		{B5509E77-D86D-4823-BD20-74DFFBEF31B8}.Release|Any CPU.Build.0 = Release|Any CPU
		{9BAE09ED-8554-42C8-BCD4-25995AA111CE}.Debug|Any CPU.ActiveCfg = Debug|Any CPU
		{9BAE09ED-8554-42C8-BCD4-25995AA111CE}.Debug|Any CPU.Build.0 = Debug|Any CPU
		{9BAE09ED-8554-42C8-BCD4-25995AA111CE}.Release|Any CPU.ActiveCfg = Release|Any CPU
		{9BAE09ED-8554-42C8-BCD4-25995AA111CE}.Release|Any CPU.Build.0 = Release|Any CPU
		{1F78BFED-5A37-47E8-87CA-7114C5217570}.Debug|Any CPU.ActiveCfg = Debug|Any CPU
		{1F78BFED-5A37-47E8-87CA-7114C5217570}.Debug|Any CPU.Build.0 = Debug|Any CPU
		{1F78BFED-5A37-47E8-87CA-7114C5217570}.Release|Any CPU.ActiveCfg = Release|Any CPU
		{1F78BFED-5A37-47E8-87CA-7114C5217570}.Release|Any CPU.Build.0 = Release|Any CPU
		{6FA08FDB-4485-4FA8-9E66-65D173976EF6}.Debug|Any CPU.ActiveCfg = Debug|Any CPU
		{6FA08FDB-4485-4FA8-9E66-65D173976EF6}.Debug|Any CPU.Build.0 = Debug|Any CPU
		{6FA08FDB-4485-4FA8-9E66-65D173976EF6}.Release|Any CPU.ActiveCfg = Release|Any CPU
		{6FA08FDB-4485-4FA8-9E66-65D173976EF6}.Release|Any CPU.Build.0 = Release|Any CPU
		{A1F7BA31-3FA1-47A3-B40D-23A0C5D8610A}.Debug|Any CPU.ActiveCfg = Debug|Any CPU
		{A1F7BA31-3FA1-47A3-B40D-23A0C5D8610A}.Debug|Any CPU.Build.0 = Debug|Any CPU
		{A1F7BA31-3FA1-47A3-B40D-23A0C5D8610A}.Release|Any CPU.ActiveCfg = Release|Any CPU
		{A1F7BA31-3FA1-47A3-B40D-23A0C5D8610A}.Release|Any CPU.Build.0 = Release|Any CPU
		{24DE0D4B-5615-4FF6-84B8-4D4D5CE5D9EF}.Debug|Any CPU.ActiveCfg = Debug|Any CPU
		{24DE0D4B-5615-4FF6-84B8-4D4D5CE5D9EF}.Debug|Any CPU.Build.0 = Debug|Any CPU
		{24DE0D4B-5615-4FF6-84B8-4D4D5CE5D9EF}.Release|Any CPU.ActiveCfg = Release|Any CPU
		{24DE0D4B-5615-4FF6-84B8-4D4D5CE5D9EF}.Release|Any CPU.Build.0 = Release|Any CPU
		{0EE5C361-C9CE-4270-B040-36E2FADB7453}.Debug|Any CPU.ActiveCfg = Debug|Any CPU
		{0EE5C361-C9CE-4270-B040-36E2FADB7453}.Debug|Any CPU.Build.0 = Debug|Any CPU
		{0EE5C361-C9CE-4270-B040-36E2FADB7453}.Release|Any CPU.ActiveCfg = Release|Any CPU
		{0EE5C361-C9CE-4270-B040-36E2FADB7453}.Release|Any CPU.Build.0 = Release|Any CPU
		{6C59F5C5-1547-4498-9094-1DD1F84E094E}.Debug|Any CPU.ActiveCfg = Debug|Any CPU
		{6C59F5C5-1547-4498-9094-1DD1F84E094E}.Debug|Any CPU.Build.0 = Debug|Any CPU
		{6C59F5C5-1547-4498-9094-1DD1F84E094E}.Release|Any CPU.ActiveCfg = Release|Any CPU
		{6C59F5C5-1547-4498-9094-1DD1F84E094E}.Release|Any CPU.Build.0 = Release|Any CPU
		{CDA655A0-C0D8-44A6-B343-3E035CBCAEF8}.Debug|Any CPU.ActiveCfg = Debug|Any CPU
		{CDA655A0-C0D8-44A6-B343-3E035CBCAEF8}.Debug|Any CPU.Build.0 = Debug|Any CPU
		{CDA655A0-C0D8-44A6-B343-3E035CBCAEF8}.Release|Any CPU.ActiveCfg = Release|Any CPU
		{CDA655A0-C0D8-44A6-B343-3E035CBCAEF8}.Release|Any CPU.Build.0 = Release|Any CPU
		{6772D469-3AA3-4CEB-ABD5-BEA3165B2E68}.Debug|Any CPU.ActiveCfg = Debug|Any CPU
		{6772D469-3AA3-4CEB-ABD5-BEA3165B2E68}.Debug|Any CPU.Build.0 = Debug|Any CPU
		{6772D469-3AA3-4CEB-ABD5-BEA3165B2E68}.Release|Any CPU.ActiveCfg = Release|Any CPU
		{6772D469-3AA3-4CEB-ABD5-BEA3165B2E68}.Release|Any CPU.Build.0 = Release|Any CPU
		{1C691863-4F15-4862-8E5C-4D87C13F4211}.Debug|Any CPU.ActiveCfg = Debug|Any CPU
		{1C691863-4F15-4862-8E5C-4D87C13F4211}.Debug|Any CPU.Build.0 = Debug|Any CPU
		{1C691863-4F15-4862-8E5C-4D87C13F4211}.Release|Any CPU.ActiveCfg = Release|Any CPU
		{1C691863-4F15-4862-8E5C-4D87C13F4211}.Release|Any CPU.Build.0 = Release|Any CPU
	EndGlobalSection
	GlobalSection(SolutionProperties) = preSolution
		HideSolutionNode = FALSE
	EndGlobalSection
	GlobalSection(NestedProjects) = preSolution
		{02EA681E-C7D8-13C7-8484-4AC65E1B71E8} = {987C4295-3D1B-4DFC-934E-0C60F6ADC578}
		{AD3DBD9E-1844-48DA-A6C9-761B9925B015} = {02EA681E-C7D8-13C7-8484-4AC65E1B71E8}
		{C2EE9058-55FA-4102-AF98-907543EEB6FE} = {AD3DBD9E-1844-48DA-A6C9-761B9925B015}
		{C7B6C775-CA70-4DD6-B5CC-1239C9ED0CC5} = {02EA681E-C7D8-13C7-8484-4AC65E1B71E8}
		{048B0883-F3EE-4921-8760-39BA2910EC5E} = {C7B6C775-CA70-4DD6-B5CC-1239C9ED0CC5}
		{C1F6905B-128E-48FE-AABD-7F396D70F82E} = {7818861C-C6A8-494B-A440-D82CA76AC826}
		{7818861C-C6A8-494B-A440-D82CA76AC826} = {02EA681E-C7D8-13C7-8484-4AC65E1B71E8}
		{4E569975-BB21-40EE-91F8-65A72D433864} = {02EA681E-C7D8-13C7-8484-4AC65E1B71E8}
		{B5509E77-D86D-4823-BD20-74DFFBEF31B8} = {4E569975-BB21-40EE-91F8-65A72D433864}
		{9BAE09ED-8554-42C8-BCD4-25995AA111CE} = {CC06FED8-9B6D-43E8-8AC8-247F426E4A72}
		{CC06FED8-9B6D-43E8-8AC8-247F426E4A72} = {02EA681E-C7D8-13C7-8484-4AC65E1B71E8}
		{40EA61CD-7A88-438A-B22C-C687AA828E93} = {02EA681E-C7D8-13C7-8484-4AC65E1B71E8}
		{1F78BFED-5A37-47E8-87CA-7114C5217570} = {40EA61CD-7A88-438A-B22C-C687AA828E93}
		{035634CC-D864-40B6-9BF8-C89284822CB7} = {02EA681E-C7D8-13C7-8484-4AC65E1B71E8}
		{6FA08FDB-4485-4FA8-9E66-65D173976EF6} = {035634CC-D864-40B6-9BF8-C89284822CB7}
		{20571314-E6BD-4A8C-BB34-306CA2FB4B40} = {02EA681E-C7D8-13C7-8484-4AC65E1B71E8}
		{9313BBE4-7D56-47AD-8289-2FB01E602745} = {02EA681E-C7D8-13C7-8484-4AC65E1B71E8}
		{A1F7BA31-3FA1-47A3-B40D-23A0C5D8610A} = {9313BBE4-7D56-47AD-8289-2FB01E602745}
		{24DE0D4B-5615-4FF6-84B8-4D4D5CE5D9EF} = {20571314-E6BD-4A8C-BB34-306CA2FB4B40}
		{0EE5C361-C9CE-4270-B040-36E2FADB7453} = {DB0EB66A-BE10-4F48-A143-4DDFA17DE5F3}
		{DB0EB66A-BE10-4F48-A143-4DDFA17DE5F3} = {02EA681E-C7D8-13C7-8484-4AC65E1B71E8}
		{9517FF94-4B7C-4787-AFBB-501A6EDE4CC0} = {02EA681E-C7D8-13C7-8484-4AC65E1B71E8}
		{6C59F5C5-1547-4498-9094-1DD1F84E094E} = {9517FF94-4B7C-4787-AFBB-501A6EDE4CC0}
		{E976646A-49E9-4B45-B8F7-CC66086D8B6D} = {02EA681E-C7D8-13C7-8484-4AC65E1B71E8}
		{CDA655A0-C0D8-44A6-B343-3E035CBCAEF8} = {E976646A-49E9-4B45-B8F7-CC66086D8B6D}
		{0645DFC7-459A-4A5F-96BD-B8E92EA39FD5} = {02EA681E-C7D8-13C7-8484-4AC65E1B71E8}
		{6772D469-3AA3-4CEB-ABD5-BEA3165B2E68} = {0645DFC7-459A-4A5F-96BD-B8E92EA39FD5}
		{1C691863-4F15-4862-8E5C-4D87C13F4211} = {AD3DBD9E-1844-48DA-A6C9-761B9925B015}
	EndGlobalSection
	GlobalSection(ExtensibilityGlobals) = postSolution
		SolutionGuid = {800B3A29-C3F5-47CE-BC1B-CF40078802E7}
	EndGlobalSection
EndGlobal
